
Microsoft Visual Studio Solution File, Format Version 12.00
Project("{FAE04EC0-301F-11D3-BF4B-00C04F79EFBC}") = "ProbneKolokwium", "ProbneKolokwium.csproj", "{AAC6D441-30FC-4C7F-B6B1-A99AD1B3C2D6}"
EndProject
Global
	GlobalSection(SolutionConfigurationPlatforms) = preSolution
		Debug|Any CPU = Debug|Any CPU
		Release|Any CPU = Release|Any CPU
	EndGlobalSection
	GlobalSection(ProjectConfigurationPlatforms) = postSolution
		{AAC6D441-30FC-4C7F-B6B1-A99AD1B3C2D6}.Debug|Any CPU.ActiveCfg = Debug|Any CPU
		{AAC6D441-30FC-4C7F-B6B1-A99AD1B3C2D6}.Debug|Any CPU.Build.0 = Debug|Any CPU
		{AAC6D441-30FC-4C7F-B6B1-A99AD1B3C2D6}.Release|Any CPU.ActiveCfg = Release|Any CPU
		{AAC6D441-30FC-4C7F-B6B1-A99AD1B3C2D6}.Release|Any CPU.Build.0 = Release|Any CPU
	EndGlobalSection
EndGlobal
